<Solution>
  <Project Path="BlazorShop.Api/BlazorShop.Api.csproj" />
  <Project Path="BlazorShop.Models/BlazorShop.Models.csproj" />
  <Project Path="BlazorShop.Web/BlazorShop.Web.Client/BlazorShop.Web.Client.csproj" />
  <Project Path="BlazorShop.Web/BlazorShop.Web/BlazorShop.Web.csproj" />
</Solution>
